// !$*UTF8*$!
{
	archiveVersion = 1;
	classes = {
	};
	objectVersion = 50;
	objects = {

/* Begin PBXBuildFile section */
		4C748D2D4FBF2159D676AAA7 /* Pods_iOS_UIStudy.framework in Frameworks */ = {isa = PBXBuildFile; fileRef = 1CE8CA40D00D38F7A4F163B3 /* Pods_iOS_UIStudy.framework */; };
		E2A67206269CAC33008382FF /* AppDelegate.swift in Sources */ = {isa = PBXBuildFile; fileRef = E2A67205269CAC33008382FF /* AppDelegate.swift */; };
		E2A67208269CAC33008382FF /* SceneDelegate.swift in Sources */ = {isa = PBXBuildFile; fileRef = E2A67207269CAC33008382FF /* SceneDelegate.swift */; };
		E2A6720A269CAC33008382FF /* ViewController.swift in Sources */ = {isa = PBXBuildFile; fileRef = E2A67209269CAC33008382FF /* ViewController.swift */; };
		E2A6720D269CAC33008382FF /* Main.storyboard in Resources */ = {isa = PBXBuildFile; fileRef = E2A6720B269CAC33008382FF /* Main.storyboard */; };
		E2A6720F269CAC35008382FF /* Assets.xcassets in Resources */ = {isa = PBXBuildFile; fileRef = E2A6720E269CAC35008382FF /* Assets.xcassets */; };
		E2A67212269CAC35008382FF /* LaunchScreen.storyboard in Resources */ = {isa = PBXBuildFile; fileRef = E2A67210269CAC35008382FF /* LaunchScreen.storyboard */; };
/* End PBXBuildFile section */

/* Begin PBXFileReference section */
		1CE8CA40D00D38F7A4F163B3 /* Pods_iOS_UIStudy.framework */ = {isa = PBXFileReference; explicitFileType = wrapper.framework; includeInIndex = 0; path = Pods_iOS_UIStudy.framework; sourceTree = BUILT_PRODUCTS_DIR; };
		237B687AF258095C1C2CE108 /* Pods-iOS-UIStudy.release.xcconfig */ = {isa = PBXFileReference; includeInIndex = 1; lastKnownFileType = text.xcconfig; name = "Pods-iOS-UIStudy.release.xcconfig"; path = "Target Support Files/Pods-iOS-UIStudy/Pods-iOS-UIStudy.release.xcconfig"; sourceTree = "<group>"; };
		7CFB7368CDF47AC30845DAE9 /* Pods-iOS-UIStudy.debug.xcconfig */ = {isa = PBXFileReference; includeInIndex = 1; lastKnownFileType = text.xcconfig; name = "Pods-iOS-UIStudy.debug.xcconfig"; path = "Target Support Files/Pods-iOS-UIStudy/Pods-iOS-UIStudy.debug.xcconfig"; sourceTree = "<group>"; };
		E2A67202269CAC33008382FF /* iOS-UIStudy.app */ = {isa = PBXFileReference; explicitFileType = wrapper.application; includeInIndex = 0; path = "iOS-UIStudy.app"; sourceTree = BUILT_PRODUCTS_DIR; };
		E2A67205269CAC33008382FF /* AppDelegate.swift */ = {isa = PBXFileReference; lastKnownFileType = sourcecode.swift; path = AppDelegate.swift; sourceTree = "<group>"; };
		E2A67207269CAC33008382FF /* SceneDelegate.swift */ = {isa = PBXFileReference; lastKnownFileType = sourcecode.swift; path = SceneDelegate.swift; sourceTree = "<group>"; };
		E2A67209269CAC33008382FF /* ViewController.swift */ = {isa = PBXFileReference; lastKnownFileType = sourcecode.swift; path = ViewController.swift; sourceTree = "<group>"; };
		E2A6720C269CAC33008382FF /* Base */ = {isa = PBXFileReference; lastKnownFileType = file.storyboard; name = Base; path = Base.lproj/Main.storyboard; sourceTree = "<group>"; };
		E2A6720E269CAC35008382FF /* Assets.xcassets */ = {isa = PBXFileReference; lastKnownFileType = folder.assetcatalog; path = Assets.xcassets; sourceTree = "<group>"; };
		E2A67211269CAC35008382FF /* Base */ = {isa = PBXFileReference; lastKnownFileType = file.storyboard; name = Base; path = Base.lproj/LaunchScreen.storyboard; sourceTree = "<group>"; };
		E2A67213269CAC35008382FF /* Info.plist */ = {isa = PBXFileReference; lastKnownFileType = text.plist.xml; path = Info.plist; sourceTree = "<group>"; };
/* End PBXFileReference section */

/* Begin PBXFrameworksBuildPhase section */
		E2A671FF269CAC33008382FF /* Frameworks */ = {
			isa = PBXFrameworksBuildPhase;
			buildActionMask = 2147483647;
			files = (
				4C748D2D4FBF2159D676AAA7 /* Pods_iOS_UIStudy.framework in Frameworks */,
			);
			runOnlyForDeploymentPostprocessing = 0;
		};
/* End PBXFrameworksBuildPhase section */

/* Begin PBXGroup section */
		2C292266C4EA06E005266EEC /* Frameworks */ = {
			isa = PBXGroup;
			children = (
				1CE8CA40D00D38F7A4F163B3 /* Pods_iOS_UIStudy.framework */,
			);
			name = Frameworks;
			sourceTree = "<group>";
		};
		E2A671F9269CAC33008382FF = {
			isa = PBXGroup;
			children = (
				E2A67204269CAC33008382FF /* iOS-UIStudy */,
				E2A67203269CAC33008382FF /* Products */,
				E532F43B80284D1DFC628236 /* Pods */,
				2C292266C4EA06E005266EEC /* Frameworks */,
			);
			sourceTree = "<group>";
		};
		E2A67203269CAC33008382FF /* Products */ = {
			isa = PBXGroup;
			children = (
				E2A67202269CAC33008382FF /* iOS-UIStudy.app */,
			);
			name = Products;
			sourceTree = "<group>";
		};
		E2A67204269CAC33008382FF /* iOS-UIStudy */ = {
			isa = PBXGroup;
			children = (
				E2A67205269CAC33008382FF /* AppDelegate.swift */,
				E2A67207269CAC33008382FF /* SceneDelegate.swift */,
				E2A67209269CAC33008382FF /* ViewController.swift */,
				E2A6720B269CAC33008382FF /* Main.storyboard */,
				E2A6720E269CAC35008382FF /* Assets.xcassets */,
				E2A67210269CAC35008382FF /* LaunchScreen.storyboard */,
				E2A67213269CAC35008382FF /* Info.plist */,
			);
			path = "iOS-UIStudy";
			sourceTree = "<group>";
		};
		E532F43B80284D1DFC628236 /* Pods */ = {
			isa = PBXGroup;
			children = (
				7CFB7368CDF47AC30845DAE9 /* Pods-iOS-UIStudy.debug.xcconfig */,
				237B687AF258095C1C2CE108 /* Pods-iOS-UIStudy.release.xcconfig */,
			);
			path = Pods;
			sourceTree = "<group>";
		};
/* End PBXGroup section */

/* Begin PBXNativeTarget section */
		E2A67201269CAC33008382FF /* iOS-UIStudy */ = {
			isa = PBXNativeTarget;
			buildConfigurationList = E2A67216269CAC35008382FF /* Build configuration list for PBXNativeTarget "iOS-UIStudy" */;
			buildPhases = (
				3286266CB80AC75EC21D25CA /* [CP] Check Pods Manifest.lock */,
				E2A671FE269CAC33008382FF /* Sources */,
				E2A671FF269CAC33008382FF /* Frameworks */,
				E2A67200269CAC33008382FF /* Resources */,
				E2A6721E269CAE79008382FF /* ShellScript */,
			);
			buildRules = (
			);
			dependencies = (
			);
			name = "iOS-UIStudy";
			productName = "iOS-UIStudy";
			productReference = E2A67202269CAC33008382FF /* iOS-UIStudy.app */;
			productType = "com.apple.product-type.application";
		};
/* End PBXNativeTarget section */

/* Begin PBXProject section */
		E2A671FA269CAC33008382FF /* Project object */ = {
			isa = PBXProject;
			attributes = {
				LastSwiftUpdateCheck = 1240;
				LastUpgradeCheck = 1240;
				TargetAttributes = {
					E2A67201269CAC33008382FF = {
						CreatedOnToolsVersion = 12.4;
					};
				};
			};
			buildConfigurationList = E2A671FD269CAC33008382FF /* Build configuration list for PBXProject "iOS-UIStudy" */;
			compatibilityVersion = "Xcode 9.3";
			developmentRegion = en;
			hasScannedForEncodings = 0;
			knownRegions = (
				en,
				Base,
			);
			mainGroup = E2A671F9269CAC33008382FF;
			productRefGroup = E2A67203269CAC33008382FF /* Products */;
			projectDirPath = "";
			projectRoot = "";
			targets = (
				E2A67201269CAC33008382FF /* iOS-UIStudy */,
			);
		};
/* End PBXProject section */

/* Begin PBXResourcesBuildPhase section */
		E2A67200269CAC33008382FF /* Resources */ = {
			isa = PBXResourcesBuildPhase;
			buildActionMask = 2147483647;
			files = (
				E2A67212269CAC35008382FF /* LaunchScreen.storyboard in Resources */,
				E2A6720F269CAC35008382FF /* Assets.xcassets in Resources */,
				E2A6720D269CAC33008382FF /* Main.storyboard in Resources */,
			);
			runOnlyForDeploymentPostprocessing = 0;
		};
/* End PBXResourcesBuildPhase section */

/* Begin PBXShellScriptBuildPhase section */
		3286266CB80AC75EC21D25CA /* [CP] Check Pods Manifest.lock */ = {
			isa = PBXShellScriptBuildPhase;
			buildActionMask = 2147483647;
			files = (
			);
			inputFileListPaths = (
			);
			inputPaths = (
				"${PODS_PODFILE_DIR_PATH}/Podfile.lock",
				"${PODS_ROOT}/Manifest.lock",
			);
			name = "[CP] Check Pods Manifest.lock";
			outputFileListPaths = (
			);
			outputPaths = (
				"$(DERIVED_FILE_DIR)/Pods-iOS-UIStudy-checkManifestLockResult.txt",
			);
			runOnlyForDeploymentPostprocessing = 0;
			shellPath = /bin/sh;
			shellScript = "diff \"${PODS_PODFILE_DIR_PATH}/Podfile.lock\" \"${PODS_ROOT}/Manifest.lock\" > /dev/null\nif [ $? != 0 ] ; then\n    # print error to STDERR\n    echo \"error: The sandbox is not in sync with the Podfile.lock. Run 'pod install' or update your CocoaPods installation.\" >&2\n    exit 1\nfi\n# This output is used by Xcode 'outputs' to avoid re-running this script phase.\necho \"SUCCESS\" > \"${SCRIPT_OUTPUT_FILE_0}\"\n";
			showEnvVarsInLog = 0;
		};
		E2A6721E269CAE79008382FF /* ShellScript */ = {
			isa = PBXShellScriptBuildPhase;
			buildActionMask = 2147483647;
			files = (
			);
			inputFileListPaths = (
			);
			inputPaths = (
			);
			outputFileListPaths = (
			);
			outputPaths = (
			);
			runOnlyForDeploymentPostprocessing = 0;
			shellPath = /bin/sh;
			shellScript = "\"${PODS_ROOT}/SwiftLint/swiftlint\"\n";
		};
/* End PBXShellScriptBuildPhase section */

/* Begin PBXSourcesBuildPhase section */
		E2A671FE269CAC33008382FF /* Sources */ = {
			isa = PBXSourcesBuildPhase;
			buildActionMask = 2147483647;
			files = (
				E2A6720A269CAC33008382FF /* ViewController.swift in Sources */,
				E2A67206269CAC33008382FF /* AppDelegate.swift in Sources */,
				E2A67208269CAC33008382FF /* SceneDelegate.swift in Sources */,
			);
			runOnlyForDeploymentPostprocessing = 0;
		};
/* End PBXSourcesBuildPhase section */

/* Begin PBXVariantGroup section */
		E2A6720B269CAC33008382FF /* Main.storyboard */ = {
			isa = PBXVariantGroup;
			children = (
				E2A6720C269CAC33008382FF /* Base */,
			);
			name = Main.storyboard;
			sourceTree = "<group>";
		};
		E2A67210269CAC35008382FF /* LaunchScreen.storyboard */ = {
			isa = PBXVariantGroup;
			children = (
				E2A67211269CAC35008382FF /* Base */,
			);
			name = LaunchScreen.storyboard;
			sourceTree = "<group>";
		};
/* End PBXVariantGroup section */

/* Begin XCBuildConfiguration section */
		E2A67214269CAC35008382FF /* Debug */ = {
			isa = XCBuildConfiguration;
			buildSettings = {
				ALWAYS_SEARCH_USER_PATHS = NO;
				CLANG_ANALYZER_NONNULL = YES;
				CLANG_ANALYZER_NUMBER_OBJECT_CONVERSION = YES_AGGRESSIVE;
				CLANG_CXX_LANGUAGE_STANDARD = "gnu++14";
				CLANG_CXX_LIBRARY = "libc++";
				CLANG_ENABLE_MODULES = YES;
				CLANG_ENABLE_OBJC_ARC = YES;
				CLANG_ENABLE_OBJC_WEAK = YES;
				CLANG_WARN_BLOCK_CAPTURE_AUTORELEASING = YES;
				CLANG_WARN_BOOL_CONVERSION = YES;
				CLANG_WARN_COMMA = YES;
				CLANG_WARN_CONSTANT_CONVERSION = YES;
				CLANG_WARN_DEPRECATED_OBJC_IMPLEMENTATIONS = YES;
				CLANG_WARN_DIRECT_OBJC_ISA_USAGE = YES_ERROR;
				CLANG_WARN_DOCUMENTATION_COMMENTS = YES;
				CLANG_WARN_EMPTY_BODY = YES;
				CLANG_WARN_ENUM_CONVERSION = YES;
				CLANG_WARN_INFINITE_RECURSION = YES;
				CLANG_WARN_INT_CONVERSION = YES;
				CLANG_WARN_NON_LITERAL_NULL_CONVERSION = YES;
				CLANG_WARN_OBJC_IMPLICIT_RETAIN_SELF = YES;
				CLANG_WARN_OBJC_LITERAL_CONVERSION = YES;
				CLANG_WARN_OBJC_ROOT_CLASS = YES_ERROR;
				CLANG_WARN_QUOTED_INCLUDE_IN_FRAMEWORK_HEADER = YES;
				CLANG_WARN_RANGE_LOOP_ANALYSIS = YES;
				CLANG_WARN_STRICT_PROTOTYPES = YES;
				CLANG_WARN_SUSPICIOUS_MOVE = YES;
				CLANG_WARN_UNGUARDED_AVAILABILITY = YES_AGGRESSIVE;
				CLANG_WARN_UNREACHABLE_CODE = YES;
				CLANG_WARN__DUPLICATE_METHOD_MATCH = YES;
				COPY_PHASE_STRIP = NO;
				DEBUG_INFORMATION_FORMAT = dwarf;
				ENABLE_STRICT_OBJC_MSGSEND = YES;
				ENABLE_TESTABILITY = YES;
				GCC_C_LANGUAGE_STANDARD = gnu11;
				GCC_DYNAMIC_NO_PIC = NO;
				GCC_NO_COMMON_BLOCKS = YES;
				GCC_OPTIMIZATION_LEVEL = 0;
				GCC_PREPROCESSOR_DEFINITIONS = (
					"DEBUG=1",
					"$(inherited)",
				);
				GCC_WARN_64_TO_32_BIT_CONVERSION = YES;
				GCC_WARN_ABOUT_RETURN_TYPE = YES_ERROR;
				GCC_WARN_UNDECLARED_SELECTOR = YES;
				GCC_WARN_UNINITIALIZED_AUTOS = YES_AGGRESSIVE;
				GCC_WARN_UNUSED_FUNCTION = YES;
				GCC_WARN_UNUSED_VARIABLE = YES;
				IPHONEOS_DEPLOYMENT_TARGET = 14.4;
				MTL_ENABLE_DEBUG_INFO = INCLUDE_SOURCE;
				MTL_FAST_MATH = YES;
				ONLY_ACTIVE_ARCH = YES;
				SDKROOT = iphoneos;
				SWIFT_ACTIVE_COMPILATION_CONDITIONS = DEBUG;
				SWIFT_OPTIMIZATION_LEVEL = "-Onone";
			};
			name = Debug;
		};
		E2A67215269CAC35008382FF /* Release */ = {
			isa = XCBuildConfiguration;
			buildSettings = {
				ALWAYS_SEARCH_USER_PATHS = NO;
				CLANG_ANALYZER_NONNULL = YES;
				CLANG_ANALYZER_NUMBER_OBJECT_CONVERSION = YES_AGGRESSIVE;
				CLANG_CXX_LANGUAGE_STANDARD = "gnu++14";
				CLANG_CXX_LIBRARY = "libc++";
				CLANG_ENABLE_MODULES = YES;
				CLANG_ENABLE_OBJC_ARC = YES;
				CLANG_ENABLE_OBJC_WEAK = YES;
				CLANG_WARN_BLOCK_CAPTURE_AUTORELEASING = YES;
				CLANG_WARN_BOOL_CONVERSION = YES;
				CLANG_WARN_COMMA = YES;
				CLANG_WARN_CONSTANT_CONVERSION = YES;
				CLANG_WARN_DEPRECATED_OBJC_IMPLEMENTATIONS = YES;
				CLANG_WARN_DIRECT_OBJC_ISA_USAGE = YES_ERROR;
				CLANG_WARN_DOCUMENTATION_COMMENTS = YES;
				CLANG_WARN_EMPTY_BODY = YES;
				CLANG_WARN_ENUM_CONVERSION = YES;
				CLANG_WARN_INFINITE_RECURSION = YES;
				CLANG_WARN_INT_CONVERSION = YES;
				CLANG_WARN_NON_LITERAL_NULL_CONVERSION = YES;
				CLANG_WARN_OBJC_IMPLICIT_RETAIN_SELF = YES;
				CLANG_WARN_OBJC_LITERAL_CONVERSION = YES;
				CLANG_WARN_OBJC_ROOT_CLASS = YES_ERROR;
				CLANG_WARN_QUOTED_INCLUDE_IN_FRAMEWORK_HEADER = YES;
				CLANG_WARN_RANGE_LOOP_ANALYSIS = YES;
				CLANG_WARN_STRICT_PROTOTYPES = YES;
				CLANG_WARN_SUSPICIOUS_MOVE = YES;
				CLANG_WARN_UNGUARDED_AVAILABILITY = YES_AGGRESSIVE;
				CLANG_WARN_UNREACHABLE_CODE = YES;
				CLANG_WARN__DUPLICATE_METHOD_MATCH = YES;
				COPY_PHASE_STRIP = NO;
				DEBUG_INFORMATION_FORMAT = "dwarf-with-dsym";
				ENABLE_NS_ASSERTIONS = NO;
				ENABLE_STRICT_OBJC_MSGSEND = YES;
				GCC_C_LANGUAGE_STANDARD = gnu11;
				GCC_NO_COMMON_BLOCKS = YES;
				GCC_WARN_64_TO_32_BIT_CONVERSION = YES;
				GCC_WARN_ABOUT_RETURN_TYPE = YES_ERROR;
				GCC_WARN_UNDECLARED_SELECTOR = YES;
				GCC_WARN_UNINITIALIZED_AUTOS = YES_AGGRESSIVE;
				GCC_WARN_UNUSED_FUNCTION = YES;
				GCC_WARN_UNUSED_VARIABLE = YES;
				IPHONEOS_DEPLOYMENT_TARGET = 14.4;
				MTL_ENABLE_DEBUG_INFO = NO;
				MTL_FAST_MATH = YES;
				SDKROOT = iphoneos;
				SWIFT_COMPILATION_MODE = wholemodule;
				SWIFT_OPTIMIZATION_LEVEL = "-O";
				VALIDATE_PRODUCT = YES;
			};
			name = Release;
		};
		E2A67217269CAC35008382FF /* Debug */ = {
			isa = XCBuildConfiguration;
			baseConfigurationReference = 7CFB7368CDF47AC30845DAE9 /* Pods-iOS-UIStudy.debug.xcconfig */;
			buildSettings = {
				ASSETCATALOG_COMPILER_APPICON_NAME = AppIcon;
				ASSETCATALOG_COMPILER_GLOBAL_ACCENT_COLOR_NAME = AccentColor;
				CODE_SIGN_STYLE = Automatic;
				INFOPLIST_FILE = "iOS-UIStudy/Info.plist";
				IPHONEOS_DEPLOYMENT_TARGET = 13.0;
				LD_RUNPATH_SEARCH_PATHS = (
					"$(inherited)",
					"@executable_path/Frameworks",
				);
				PRODUCT_BUNDLE_IDENTIFIER = "com.du.itzel.iOS-UIStudy";
				PRODUCT_NAME = "$(TARGET_NAME)";
				SWIFT_VERSION = 5.0;
				TARGETED_DEVICE_FAMILY = "1,2";
			};
			name = Debug;
		};
		E2A67218269CAC35008382FF /* Release */ = {
			isa = XCBuildConfiguration;
			baseConfigurationReference = 237B687AF258095C1C2CE108 /* Pods-iOS-UIStudy.release.xcconfig */;
			buildSettings = {
				ASSETCATALOG_COMPILER_APPICON_NAME = AppIcon;
				ASSETCATALOG_COMPILER_GLOBAL_ACCENT_COLOR_NAME = AccentColor;
				CODE_SIGN_STYLE = Automatic;
				INFOPLIST_FILE = "iOS-UIStudy/Info.plist";
				IPHONEOS_DEPLOYMENT_TARGET = 13.0;
				LD_RUNPATH_SEARCH_PATHS = (
					"$(inherited)",
					"@executable_path/Frameworks",
				);
				PRODUCT_BUNDLE_IDENTIFIER = "com.du.itzel.iOS-UIStudy";
				PRODUCT_NAME = "$(TARGET_NAME)";
				SWIFT_VERSION = 5.0;
				TARGETED_DEVICE_FAMILY = "1,2";
			};
			name = Release;
		};
/* End XCBuildConfiguration section */

/* Begin XCConfigurationList section */
		E2A671FD269CAC33008382FF /* Build configuration list for PBXProject "iOS-UIStudy" */ = {
			isa = XCConfigurationList;
			buildConfigurations = (
				E2A67214269CAC35008382FF /* Debug */,
				E2A67215269CAC35008382FF /* Release */,
			);
			defaultConfigurationIsVisible = 0;
			defaultConfigurationName = Release;
		};
		E2A67216269CAC35008382FF /* Build configuration list for PBXNativeTarget "iOS-UIStudy" */ = {
			isa = XCConfigurationList;
			buildConfigurations = (
				E2A67217269CAC35008382FF /* Debug */,
				E2A67218269CAC35008382FF /* Release */,
			);
			defaultConfigurationIsVisible = 0;
			defaultConfigurationName = Release;
		};
/* End XCConfigurationList section */
	};
	rootObject = E2A671FA269CAC33008382FF /* Project object */;
}
